{
  "version": 1,
  "dependencies": {
    "net8.0": {
      "System.Reflection.Emit": {
        "type": "Direct",
        "requested": "[4.7.0, )",
        "resolved": "4.7.0",
        "contentHash": "VR4kk8XLKebQ4MZuKuIni/7oh+QGFmZW3qORd1GvBq/8026OpW501SzT/oypwiQl4TvT8ErnReh/NzY9u+C6wQ=="
      },
      "System.Reflection.Metadata": {
        "type": "Direct",
        "requested": "[8.0.1, )",
        "resolved": "8.0.1",
        "contentHash": "+4sz5vGHPlo+5NpAxf2IlABnqVvOHOxv17b4dONv4hVwyNeFAeBevT14DIn7X3YWQ+eQFYO3YeTBNCleAblOKA=="
      },
      "Dunet": {
        "type": "Transitive",
        "resolved": "1.11.2",
        "contentHash": "T6dfqSJ9+gSqnopeuBv6gtnpHlC0lru6XK3NtQQ9fTeDQQa1ynuI8AmDfEcpQu/rWFYJTbu8ZYR5ED8IScVK7A=="
      },
      "Vogen": {
        "type": "Transitive",
        "resolved": "6.0.0",
        "contentHash": "HDeCgFmyu9IgM40AWOvB0ieuoLVHSYE4EN6uQNv7bVkUnaZnn6GeGDMIb/zvfOJbtyIEn411eQ8g+iIrzCM4ng=="
      },
      "ast_generated": {
        "type": "Project",
        "dependencies": {
          "ast_model": "[1.0.0, )"
        }
      },
      "ast_model": {
        "type": "Project",
        "dependencies": {
          "Vogen": "[6.0.0, )",
          "dunet": "[1.11.2, )"
        }
      }
    }
  }
}