{
  "version": 1,
  "dependencies": {
    "net8.0": {
      "Microsoft.Net.Compilers.Toolset": {
        "type": "Direct",
        "requested": "[4.11.0, )",
        "resolved": "4.11.0",
        "contentHash": "arJ0+L3uOu8spoRsKt5clvvxa7kHko80pXb/J4V92VJJZ7NMn8fC27N80W6Ro5CtcdzTDQtLXfBLfISSr6I3Zw=="
      },
      "System.Reflection.Emit": {
        "type": "Direct",
        "requested": "[4.7.0, )",
        "resolved": "4.7.0",
        "contentHash": "VR4kk8XLKebQ4MZuKuIni/7oh+QGFmZW3qORd1GvBq/8026OpW501SzT/oypwiQl4TvT8ErnReh/NzY9u+C6wQ=="
      },
      "System.Reflection.Metadata": {
        "type": "Direct",
        "requested": "[9.0.0, )",
        "resolved": "9.0.0",
        "contentHash": "ANiqLu3DxW9kol/hMmTWbt3414t9ftdIuiIU7j80okq2YzAueo120M442xk1kDJWtmZTqWQn7wHDvMRipVOEOQ==",
        "dependencies": {
          "System.Collections.Immutable": "9.0.0"
        }
      },
      "Dunet": {
        "type": "Transitive",
        "resolved": "1.11.2",
        "contentHash": "T6dfqSJ9+gSqnopeuBv6gtnpHlC0lru6XK3NtQQ9fTeDQQa1ynuI8AmDfEcpQu/rWFYJTbu8ZYR5ED8IScVK7A=="
      },
      "System.Collections.Immutable": {
        "type": "Transitive",
        "resolved": "9.0.0",
        "contentHash": "QhkXUl2gNrQtvPmtBTQHb0YsUrDiDQ2QS09YbtTTiSjGcf7NBqtYbrG/BE06zcBPCKEwQGzIv13IVdXNOSub2w=="
      },
      "Vogen": {
        "type": "Transitive",
        "resolved": "6.0.0",
        "contentHash": "HDeCgFmyu9IgM40AWOvB0ieuoLVHSYE4EN6uQNv7bVkUnaZnn6GeGDMIb/zvfOJbtyIEn411eQ8g+iIrzCM4ng=="
      },
      "ast_generated": {
        "type": "Project",
        "dependencies": {
          "ast_model": "[1.0.0, )"
        }
      },
      "ast_model": {
        "type": "Project",
        "dependencies": {
          "Vogen": "[6.0.0, )",
          "dunet": "[1.11.2, )"
        }
      }
    }
  }
}