
Microsoft Visual Studio Solution File, Format Version 12.00
# Visual Studio Version 17
VisualStudioVersion = 17.13.35605.110
MinimumVisualStudioVersion = 10.0.40219.1
Project("{FAE04EC0-301F-11D3-BF4B-00C04F79EFBC}") = "ast_generated", "src\ast-generated\ast_generated.csproj", "{383ED617-522B-23AC-4162-F9D5615DE2F0}"
EndProject
Project("{FAE04EC0-301F-11D3-BF4B-00C04F79EFBC}") = "ast_model", "src\ast-model\ast_model.csproj", "{E6FBE339-3DA8-C8CD-E399-03C52B39BE59}"
EndProject
Project("{FAE04EC0-301F-11D3-BF4B-00C04F79EFBC}") = "ast_generator", "src\ast_generator\ast_generator.csproj", "{FE8C7E03-9A94-E1DC-D4F5-FAC3CC5A6592}"
EndProject
Project("{FAE04EC0-301F-11D3-BF4B-00C04F79EFBC}") = "compiler", "src\compiler\compiler.csproj", "{5D711B1A-6450-D66C-C091-F040303DAF4F}"
EndProject
Project("{FAE04EC0-301F-11D3-BF4B-00C04F79EFBC}") = "Fifth.System", "src\fifthlang.system\Fifth.System.csproj", "{C9DBB931-58E7-11EA-53DB-C81643F196F3}"
EndProject
Project("{FAE04EC0-301F-11D3-BF4B-00C04F79EFBC}") = "parser", "src\parser\parser.csproj", "{A6200484-E8A2-D261-1669-05186CC04256}"
EndProject
Project("{FAE04EC0-301F-11D3-BF4B-00C04F79EFBC}") = "ast_tests", "test\ast-tests\ast_tests.csproj", "{243A2C21-4253-F903-99B9-91CC0D549B57}"
EndProject
Project("{2150E333-8FDC-42A3-9474-1A3956D46DE8}") = "tests", "tests", "{02EA681E-C7D8-13C7-8484-4AC65E1B71E8}"
EndProject
Project("{2150E333-8FDC-42A3-9474-1A3956D46DE8}") = "src", "src", "{1892A3DB-519E-4674-BBA5-C315C3295ACD}"
EndProject
Project("{FAE04EC0-301F-11D3-BF4B-00C04F79EFBC}") = "runtime-integration-tests", "test\runtime-integration-tests\runtime-integration-tests.csproj", "{8F47C1F2-9A84-4D5E-8A9B-1E2F3A4B5C6D}"
EndProject
Project("{FAE04EC0-301F-11D3-BF4B-00C04F79EFBC}") = "syntax-parser-tests", "test\syntax-parser-tests\syntax-parser-tests.csproj", "{B7D6A2C9-8A6C-4B33-8B9D-3E6E6A4B0AF1}"
EndProject
Project("{FAE04EC0-301F-11D3-BF4B-00C04F79EFBC}") = "fifth-runtime-tests", "test\fifth-runtime-tests\fifth-runtime-tests.csproj", "{A9913E09-2C11-4EDC-AE4F-D57E51906820}"
EndProject
Project("{FAE04EC0-301F-11D3-BF4B-00C04F79EFBC}") = "Fifth.Sdk", "src\Fifth.Sdk\Fifth.Sdk.csproj", "{CBBF42EB-9B31-4590-BD88-4C9BC797D5C1}"
EndProject
Project("{FAE04EC0-301F-11D3-BF4B-00C04F79EFBC}") = "Fifth.LanguageServer", "src\language-server\Fifth.LanguageServer.csproj", "{0C3E6E6E-5A2D-4B7D-9D3F-6C8E2D0F8A9D}"
EndProject
Project("{FAE04EC0-301F-11D3-BF4B-00C04F79EFBC}") = "LanguageServerSmoke", "test\language-server-smoke\LanguageServerSmoke.csproj", "{D7E7C3A9-7D98-4B4F-9A1C-1D2E3F4B5C6D}"
EndProject
Global
	GlobalSection(SolutionConfigurationPlatforms) = preSolution
		Debug|Any CPU = Debug|Any CPU
		Debug|x64 = Debug|x64
		Debug|x86 = Debug|x86
		Release|Any CPU = Release|Any CPU
		Release|x64 = Release|x64
		Release|x86 = Release|x86
	EndGlobalSection
	GlobalSection(ProjectConfigurationPlatforms) = postSolution
		{383ED617-522B-23AC-4162-F9D5615DE2F0}.Debug|Any CPU.ActiveCfg = Debug|Any CPU
		{383ED617-522B-23AC-4162-F9D5615DE2F0}.Debug|Any CPU.Build.0 = Debug|Any CPU
		{383ED617-522B-23AC-4162-F9D5615DE2F0}.Debug|x64.ActiveCfg = Debug|Any CPU
		{383ED617-522B-23AC-4162-F9D5615DE2F0}.Debug|x64.Build.0 = Debug|Any CPU
		{383ED617-522B-23AC-4162-F9D5615DE2F0}.Debug|x86.ActiveCfg = Debug|Any CPU
		{383ED617-522B-23AC-4162-F9D5615DE2F0}.Debug|x86.Build.0 = Debug|Any CPU
		{383ED617-522B-23AC-4162-F9D5615DE2F0}.Release|Any CPU.ActiveCfg = Release|Any CPU
		{383ED617-522B-23AC-4162-F9D5615DE2F0}.Release|Any CPU.Build.0 = Release|Any CPU
		{383ED617-522B-23AC-4162-F9D5615DE2F0}.Release|x64.ActiveCfg = Release|Any CPU
		{383ED617-522B-23AC-4162-F9D5615DE2F0}.Release|x64.Build.0 = Release|Any CPU
		{383ED617-522B-23AC-4162-F9D5615DE2F0}.Release|x86.ActiveCfg = Release|Any CPU
		{383ED617-522B-23AC-4162-F9D5615DE2F0}.Release|x86.Build.0 = Release|Any CPU
		{E6FBE339-3DA8-C8CD-E399-03C52B39BE59}.Debug|Any CPU.ActiveCfg = Debug|Any CPU
		{E6FBE339-3DA8-C8CD-E399-03C52B39BE59}.Debug|Any CPU.Build.0 = Debug|Any CPU
		{E6FBE339-3DA8-C8CD-E399-03C52B39BE59}.Debug|x64.ActiveCfg = Debug|Any CPU
		{E6FBE339-3DA8-C8CD-E399-03C52B39BE59}.Debug|x64.Build.0 = Debug|Any CPU
		{E6FBE339-3DA8-C8CD-E399-03C52B39BE59}.Debug|x86.ActiveCfg = Debug|Any CPU
		{E6FBE339-3DA8-C8CD-E399-03C52B39BE59}.Debug|x86.Build.0 = Debug|Any CPU
		{E6FBE339-3DA8-C8CD-E399-03C52B39BE59}.Release|Any CPU.ActiveCfg = Release|Any CPU
		{E6FBE339-3DA8-C8CD-E399-03C52B39BE59}.Release|Any CPU.Build.0 = Release|Any CPU
		{E6FBE339-3DA8-C8CD-E399-03C52B39BE59}.Release|x64.ActiveCfg = Release|Any CPU
		{E6FBE339-3DA8-C8CD-E399-03C52B39BE59}.Release|x64.Build.0 = Release|Any CPU
		{E6FBE339-3DA8-C8CD-E399-03C52B39BE59}.Release|x86.ActiveCfg = Release|Any CPU
		{E6FBE339-3DA8-C8CD-E399-03C52B39BE59}.Release|x86.Build.0 = Release|Any CPU
		{FE8C7E03-9A94-E1DC-D4F5-FAC3CC5A6592}.Debug|Any CPU.ActiveCfg = Debug|Any CPU
		{FE8C7E03-9A94-E1DC-D4F5-FAC3CC5A6592}.Debug|x64.ActiveCfg = Debug|Any CPU
		{FE8C7E03-9A94-E1DC-D4F5-FAC3CC5A6592}.Debug|x64.Build.0 = Debug|Any CPU
		{FE8C7E03-9A94-E1DC-D4F5-FAC3CC5A6592}.Debug|x86.ActiveCfg = Debug|Any CPU
		{FE8C7E03-9A94-E1DC-D4F5-FAC3CC5A6592}.Debug|x86.Build.0 = Debug|Any CPU
		{FE8C7E03-9A94-E1DC-D4F5-FAC3CC5A6592}.Release|Any CPU.ActiveCfg = Release|Any CPU
		{FE8C7E03-9A94-E1DC-D4F5-FAC3CC5A6592}.Release|x64.ActiveCfg = Release|Any CPU
		{FE8C7E03-9A94-E1DC-D4F5-FAC3CC5A6592}.Release|x64.Build.0 = Release|Any CPU
		{FE8C7E03-9A94-E1DC-D4F5-FAC3CC5A6592}.Release|x86.ActiveCfg = Release|Any CPU
		{FE8C7E03-9A94-E1DC-D4F5-FAC3CC5A6592}.Release|x86.Build.0 = Release|Any CPU
		{5D711B1A-6450-D66C-C091-F040303DAF4F}.Debug|Any CPU.ActiveCfg = Debug|Any CPU
		{5D711B1A-6450-D66C-C091-F040303DAF4F}.Debug|Any CPU.Build.0 = Debug|Any CPU
		{5D711B1A-6450-D66C-C091-F040303DAF4F}.Debug|x64.ActiveCfg = Debug|Any CPU
		{5D711B1A-6450-D66C-C091-F040303DAF4F}.Debug|x64.Build.0 = Debug|Any CPU
		{5D711B1A-6450-D66C-C091-F040303DAF4F}.Debug|x86.ActiveCfg = Debug|Any CPU
		{5D711B1A-6450-D66C-C091-F040303DAF4F}.Debug|x86.Build.0 = Debug|Any CPU
		{5D711B1A-6450-D66C-C091-F040303DAF4F}.Release|Any CPU.ActiveCfg = Release|Any CPU
		{5D711B1A-6450-D66C-C091-F040303DAF4F}.Release|Any CPU.Build.0 = Release|Any CPU
		{5D711B1A-6450-D66C-C091-F040303DAF4F}.Release|x64.ActiveCfg = Release|Any CPU
		{5D711B1A-6450-D66C-C091-F040303DAF4F}.Release|x64.Build.0 = Release|Any CPU
		{5D711B1A-6450-D66C-C091-F040303DAF4F}.Release|x86.ActiveCfg = Release|Any CPU
		{5D711B1A-6450-D66C-C091-F040303DAF4F}.Release|x86.Build.0 = Release|Any CPU
		{C9DBB931-58E7-11EA-53DB-C81643F196F3}.Debug|Any CPU.ActiveCfg = Debug|Any CPU
		{C9DBB931-58E7-11EA-53DB-C81643F196F3}.Debug|Any CPU.Build.0 = Debug|Any CPU
		{C9DBB931-58E7-11EA-53DB-C81643F196F3}.Debug|x64.ActiveCfg = Debug|Any CPU
		{C9DBB931-58E7-11EA-53DB-C81643F196F3}.Debug|x64.Build.0 = Debug|Any CPU
		{C9DBB931-58E7-11EA-53DB-C81643F196F3}.Debug|x86.ActiveCfg = Debug|Any CPU
		{C9DBB931-58E7-11EA-53DB-C81643F196F3}.Debug|x86.Build.0 = Debug|Any CPU
		{C9DBB931-58E7-11EA-53DB-C81643F196F3}.Release|Any CPU.ActiveCfg = Release|Any CPU
		{C9DBB931-58E7-11EA-53DB-C81643F196F3}.Release|Any CPU.Build.0 = Release|Any CPU
		{C9DBB931-58E7-11EA-53DB-C81643F196F3}.Release|x64.ActiveCfg = Release|Any CPU
		{C9DBB931-58E7-11EA-53DB-C81643F196F3}.Release|x64.Build.0 = Release|Any CPU
		{C9DBB931-58E7-11EA-53DB-C81643F196F3}.Release|x86.ActiveCfg = Release|Any CPU
		{C9DBB931-58E7-11EA-53DB-C81643F196F3}.Release|x86.Build.0 = Release|Any CPU
		{A6200484-E8A2-D261-1669-05186CC04256}.Debug|Any CPU.ActiveCfg = Debug|Any CPU
		{A6200484-E8A2-D261-1669-05186CC04256}.Debug|Any CPU.Build.0 = Debug|Any CPU
		{A6200484-E8A2-D261-1669-05186CC04256}.Debug|x64.ActiveCfg = Debug|Any CPU
		{A6200484-E8A2-D261-1669-05186CC04256}.Debug|x64.Build.0 = Debug|Any CPU
		{A6200484-E8A2-D261-1669-05186CC04256}.Debug|x86.ActiveCfg = Debug|Any CPU
		{A6200484-E8A2-D261-1669-05186CC04256}.Debug|x86.Build.0 = Debug|Any CPU
		{A6200484-E8A2-D261-1669-05186CC04256}.Release|Any CPU.ActiveCfg = Release|Any CPU
		{A6200484-E8A2-D261-1669-05186CC04256}.Release|Any CPU.Build.0 = Release|Any CPU
		{A6200484-E8A2-D261-1669-05186CC04256}.Release|x64.ActiveCfg = Release|Any CPU
		{A6200484-E8A2-D261-1669-05186CC04256}.Release|x64.Build.0 = Release|Any CPU
		{A6200484-E8A2-D261-1669-05186CC04256}.Release|x86.ActiveCfg = Release|Any CPU
		{A6200484-E8A2-D261-1669-05186CC04256}.Release|x86.Build.0 = Release|Any CPU
		{243A2C21-4253-F903-99B9-91CC0D549B57}.Debug|Any CPU.ActiveCfg = Debug|Any CPU
		{243A2C21-4253-F903-99B9-91CC0D549B57}.Debug|Any CPU.Build.0 = Debug|Any CPU
		{243A2C21-4253-F903-99B9-91CC0D549B57}.Debug|x64.ActiveCfg = Debug|Any CPU
		{243A2C21-4253-F903-99B9-91CC0D549B57}.Debug|x64.Build.0 = Debug|Any CPU
		{243A2C21-4253-F903-99B9-91CC0D549B57}.Debug|x86.ActiveCfg = Debug|Any CPU
		{243A2C21-4253-F903-99B9-91CC0D549B57}.Debug|x86.Build.0 = Debug|Any CPU
		{243A2C21-4253-F903-99B9-91CC0D549B57}.Release|Any CPU.ActiveCfg = Release|Any CPU
		{243A2C21-4253-F903-99B9-91CC0D549B57}.Release|Any CPU.Build.0 = Release|Any CPU
		{243A2C21-4253-F903-99B9-91CC0D549B57}.Release|x64.ActiveCfg = Release|Any CPU
		{243A2C21-4253-F903-99B9-91CC0D549B57}.Release|x64.Build.0 = Release|Any CPU
		{243A2C21-4253-F903-99B9-91CC0D549B57}.Release|x86.ActiveCfg = Release|Any CPU
		{243A2C21-4253-F903-99B9-91CC0D549B57}.Release|x86.Build.0 = Release|Any CPU
		{8F47C1F2-9A84-4D5E-8A9B-1E2F3A4B5C6D}.Debug|Any CPU.ActiveCfg = Debug|Any CPU
		{8F47C1F2-9A84-4D5E-8A9B-1E2F3A4B5C6D}.Debug|Any CPU.Build.0 = Debug|Any CPU
		{8F47C1F2-9A84-4D5E-8A9B-1E2F3A4B5C6D}.Debug|x64.ActiveCfg = Debug|Any CPU
		{8F47C1F2-9A84-4D5E-8A9B-1E2F3A4B5C6D}.Debug|x64.Build.0 = Debug|Any CPU
		{8F47C1F2-9A84-4D5E-8A9B-1E2F3A4B5C6D}.Debug|x86.ActiveCfg = Debug|Any CPU
		{8F47C1F2-9A84-4D5E-8A9B-1E2F3A4B5C6D}.Debug|x86.Build.0 = Debug|Any CPU
		{8F47C1F2-9A84-4D5E-8A9B-1E2F3A4B5C6D}.Release|Any CPU.ActiveCfg = Release|Any CPU
		{8F47C1F2-9A84-4D5E-8A9B-1E2F3A4B5C6D}.Release|Any CPU.Build.0 = Release|Any CPU
		{8F47C1F2-9A84-4D5E-8A9B-1E2F3A4B5C6D}.Release|x64.ActiveCfg = Release|Any CPU
		{8F47C1F2-9A84-4D5E-8A9B-1E2F3A4B5C6D}.Release|x64.Build.0 = Release|Any CPU
		{8F47C1F2-9A84-4D5E-8A9B-1E2F3A4B5C6D}.Release|x86.ActiveCfg = Release|Any CPU
		{8F47C1F2-9A84-4D5E-8A9B-1E2F3A4B5C6D}.Release|x86.Build.0 = Release|Any CPU
		{B7D6A2C9-8A6C-4B33-8B9D-3E6E6A4B0AF1}.Debug|Any CPU.ActiveCfg = Debug|Any CPU
		{B7D6A2C9-8A6C-4B33-8B9D-3E6E6A4B0AF1}.Debug|Any CPU.Build.0 = Debug|Any CPU
		{B7D6A2C9-8A6C-4B33-8B9D-3E6E6A4B0AF1}.Debug|x64.ActiveCfg = Debug|Any CPU
		{B7D6A2C9-8A6C-4B33-8B9D-3E6E6A4B0AF1}.Debug|x64.Build.0 = Debug|Any CPU
		{B7D6A2C9-8A6C-4B33-8B9D-3E6E6A4B0AF1}.Debug|x86.ActiveCfg = Debug|Any CPU
		{B7D6A2C9-8A6C-4B33-8B9D-3E6E6A4B0AF1}.Debug|x86.Build.0 = Debug|Any CPU
		{B7D6A2C9-8A6C-4B33-8B9D-3E6E6A4B0AF1}.Release|Any CPU.ActiveCfg = Release|Any CPU
		{B7D6A2C9-8A6C-4B33-8B9D-3E6E6A4B0AF1}.Release|Any CPU.Build.0 = Release|Any CPU
		{B7D6A2C9-8A6C-4B33-8B9D-3E6E6A4B0AF1}.Release|x64.ActiveCfg = Release|Any CPU
		{B7D6A2C9-8A6C-4B33-8B9D-3E6E6A4B0AF1}.Release|x64.Build.0 = Release|Any CPU
		{B7D6A2C9-8A6C-4B33-8B9D-3E6E6A4B0AF1}.Release|x86.ActiveCfg = Release|Any CPU
		{B7D6A2C9-8A6C-4B33-8B9D-3E6E6A4B0AF1}.Release|x86.Build.0 = Release|Any CPU
		{A9913E09-2C11-4EDC-AE4F-D57E51906820}.Debug|Any CPU.ActiveCfg = Debug|Any CPU
		{A9913E09-2C11-4EDC-AE4F-D57E51906820}.Debug|Any CPU.Build.0 = Debug|Any CPU
		{A9913E09-2C11-4EDC-AE4F-D57E51906820}.Debug|x64.ActiveCfg = Debug|Any CPU
		{A9913E09-2C11-4EDC-AE4F-D57E51906820}.Debug|x64.Build.0 = Debug|Any CPU
		{A9913E09-2C11-4EDC-AE4F-D57E51906820}.Debug|x86.ActiveCfg = Debug|Any CPU
		{A9913E09-2C11-4EDC-AE4F-D57E51906820}.Debug|x86.Build.0 = Debug|Any CPU
		{A9913E09-2C11-4EDC-AE4F-D57E51906820}.Release|Any CPU.ActiveCfg = Release|Any CPU
		{A9913E09-2C11-4EDC-AE4F-D57E51906820}.Release|Any CPU.Build.0 = Release|Any CPU
		{A9913E09-2C11-4EDC-AE4F-D57E51906820}.Release|x64.ActiveCfg = Release|Any CPU
		{A9913E09-2C11-4EDC-AE4F-D57E51906820}.Release|x64.Build.0 = Release|Any CPU
		{A9913E09-2C11-4EDC-AE4F-D57E51906820}.Release|x86.ActiveCfg = Release|Any CPU
		{A9913E09-2C11-4EDC-AE4F-D57E51906820}.Release|x86.Build.0 = Release|Any CPU
		{CBBF42EB-9B31-4590-BD88-4C9BC797D5C1}.Debug|Any CPU.ActiveCfg = Debug|Any CPU
		{CBBF42EB-9B31-4590-BD88-4C9BC797D5C1}.Debug|Any CPU.Build.0 = Debug|Any CPU
		{CBBF42EB-9B31-4590-BD88-4C9BC797D5C1}.Debug|x64.ActiveCfg = Debug|Any CPU
		{CBBF42EB-9B31-4590-BD88-4C9BC797D5C1}.Debug|x64.Build.0 = Debug|Any CPU
		{CBBF42EB-9B31-4590-BD88-4C9BC797D5C1}.Debug|x86.ActiveCfg = Debug|Any CPU
		{CBBF42EB-9B31-4590-BD88-4C9BC797D5C1}.Debug|x86.Build.0 = Debug|Any CPU
		{CBBF42EB-9B31-4590-BD88-4C9BC797D5C1}.Release|Any CPU.ActiveCfg = Release|Any CPU
		{CBBF42EB-9B31-4590-BD88-4C9BC797D5C1}.Release|Any CPU.Build.0 = Release|Any CPU
		{CBBF42EB-9B31-4590-BD88-4C9BC797D5C1}.Release|x64.ActiveCfg = Release|Any CPU
		{CBBF42EB-9B31-4590-BD88-4C9BC797D5C1}.Release|x64.Build.0 = Release|Any CPU
		{CBBF42EB-9B31-4590-BD88-4C9BC797D5C1}.Release|x86.ActiveCfg = Release|Any CPU
		{CBBF42EB-9B31-4590-BD88-4C9BC797D5C1}.Release|x86.Build.0 = Release|Any CPU
		{0C3E6E6E-5A2D-4B7D-9D3F-6C8E2D0F8A9D}.Debug|Any CPU.ActiveCfg = Debug|Any CPU
		{0C3E6E6E-5A2D-4B7D-9D3F-6C8E2D0F8A9D}.Debug|Any CPU.Build.0 = Debug|Any CPU
		{0C3E6E6E-5A2D-4B7D-9D3F-6C8E2D0F8A9D}.Debug|x64.ActiveCfg = Debug|Any CPU
		{0C3E6E6E-5A2D-4B7D-9D3F-6C8E2D0F8A9D}.Debug|x64.Build.0 = Debug|Any CPU
		{0C3E6E6E-5A2D-4B7D-9D3F-6C8E2D0F8A9D}.Debug|x86.ActiveCfg = Debug|Any CPU
		{0C3E6E6E-5A2D-4B7D-9D3F-6C8E2D0F8A9D}.Debug|x86.Build.0 = Debug|Any CPU
		{0C3E6E6E-5A2D-4B7D-9D3F-6C8E2D0F8A9D}.Release|Any CPU.ActiveCfg = Release|Any CPU
		{0C3E6E6E-5A2D-4B7D-9D3F-6C8E2D0F8A9D}.Release|Any CPU.Build.0 = Release|Any CPU
		{0C3E6E6E-5A2D-4B7D-9D3F-6C8E2D0F8A9D}.Release|x64.ActiveCfg = Release|Any CPU
		{0C3E6E6E-5A2D-4B7D-9D3F-6C8E2D0F8A9D}.Release|x64.Build.0 = Release|Any CPU
		{0C3E6E6E-5A2D-4B7D-9D3F-6C8E2D0F8A9D}.Release|x86.ActiveCfg = Release|Any CPU
		{0C3E6E6E-5A2D-4B7D-9D3F-6C8E2D0F8A9D}.Release|x86.Build.0 = Release|Any CPU
		{D7E7C3A9-7D98-4B4F-9A1C-1D2E3F4B5C6D}.Debug|Any CPU.ActiveCfg = Debug|Any CPU
		{D7E7C3A9-7D98-4B4F-9A1C-1D2E3F4B5C6D}.Debug|Any CPU.Build.0 = Debug|Any CPU
		{D7E7C3A9-7D98-4B4F-9A1C-1D2E3F4B5C6D}.Debug|x64.ActiveCfg = Debug|Any CPU
		{D7E7C3A9-7D98-4B4F-9A1C-1D2E3F4B5C6D}.Debug|x64.Build.0 = Debug|Any CPU
		{D7E7C3A9-7D98-4B4F-9A1C-1D2E3F4B5C6D}.Debug|x86.ActiveCfg = Debug|Any CPU
		{D7E7C3A9-7D98-4B4F-9A1C-1D2E3F4B5C6D}.Debug|x86.Build.0 = Debug|Any CPU
		{D7E7C3A9-7D98-4B4F-9A1C-1D2E3F4B5C6D}.Release|Any CPU.ActiveCfg = Release|Any CPU
		{D7E7C3A9-7D98-4B4F-9A1C-1D2E3F4B5C6D}.Release|Any CPU.Build.0 = Release|Any CPU
		{D7E7C3A9-7D98-4B4F-9A1C-1D2E3F4B5C6D}.Release|x64.ActiveCfg = Release|Any CPU
		{D7E7C3A9-7D98-4B4F-9A1C-1D2E3F4B5C6D}.Release|x64.Build.0 = Release|Any CPU
		{D7E7C3A9-7D98-4B4F-9A1C-1D2E3F4B5C6D}.Release|x86.ActiveCfg = Release|Any CPU
		{D7E7C3A9-7D98-4B4F-9A1C-1D2E3F4B5C6D}.Release|x86.Build.0 = Release|Any CPU
	EndGlobalSection
	GlobalSection(SolutionProperties) = preSolution
		HideSolutionNode = FALSE
	EndGlobalSection
	GlobalSection(NestedProjects) = preSolution
		{383ED617-522B-23AC-4162-F9D5615DE2F0} = {1892A3DB-519E-4674-BBA5-C315C3295ACD}
		{E6FBE339-3DA8-C8CD-E399-03C52B39BE59} = {1892A3DB-519E-4674-BBA5-C315C3295ACD}
		{FE8C7E03-9A94-E1DC-D4F5-FAC3CC5A6592} = {1892A3DB-519E-4674-BBA5-C315C3295ACD}
		{5D711B1A-6450-D66C-C091-F040303DAF4F} = {1892A3DB-519E-4674-BBA5-C315C3295ACD}
		{C9DBB931-58E7-11EA-53DB-C81643F196F3} = {1892A3DB-519E-4674-BBA5-C315C3295ACD}
		{A6200484-E8A2-D261-1669-05186CC04256} = {1892A3DB-519E-4674-BBA5-C315C3295ACD}
		{243A2C21-4253-F903-99B9-91CC0D549B57} = {02EA681E-C7D8-13C7-8484-4AC65E1B71E8}
		{8F47C1F2-9A84-4D5E-8A9B-1E2F3A4B5C6D} = {02EA681E-C7D8-13C7-8484-4AC65E1B71E8}
		{B7D6A2C9-8A6C-4B33-8B9D-3E6E6A4B0AF1} = {02EA681E-C7D8-13C7-8484-4AC65E1B71E8}
		{A9913E09-2C11-4EDC-AE4F-D57E51906820} = {02EA681E-C7D8-13C7-8484-4AC65E1B71E8}
		{CBBF42EB-9B31-4590-BD88-4C9BC797D5C1} = {1892A3DB-519E-4674-BBA5-C315C3295ACD}
	EndGlobalSection
EndGlobal
